hash: be8718c4ede4a901308961781d8ca7789855687086efcff2a6d5d3ec41690964
updated: 2016-09-07T13:01:12.299657802-07:00
imports:
- name: github.com/asaskevich/govalidator
  version: df81827fdd59d8b4fb93d8910b286ab7a3919520
- name: github.com/Azure/go-ansiterm
  version: fa152c58bc15761d0200cb75fe958b89a9d4888e
  subpackages:
  - winterm
- name: github.com/codedellemc/gorackhd
  version: 92f5e99ea8af0d4afbd96ba3573bd0405be28975
  subpackages:
  - client
  - client/catalog
  - client/catalogs
  - client/config
  - client/delete
  - client/dhcp
  - client/files
  - client/get
  - client/identify
  - client/lookups
  - client/nodes
  - client/obm
  - client/obms
  - client/patch
  - client/pollers
  - client/post
  - client/profiles
  - client/put
  - client/skus
  - client/tags
  - client/task
  - client/templates
  - client/versions
  - client/whitelist
  - client/workflow
  - models
- name: github.com/codedellemc/gorackhd-redfish
  version: 28d920bc3f0fc3b73fe6323b7901e750908acbab
  subpackages:
  - client
  - client/redfish_v1
  - models
- name: github.com/docker/docker
  version: 426a0af0759798d8e3332b38236ee40df6d14798
  subpackages:
  - pkg/term
  - pkg/term/windows
- name: github.com/docker/machine
  version: 2aed8d9349e2b3d5d3b7d3e6362d0e4782de402e
  subpackages:
  - libmachine/drivers
  - libmachine/drivers/plugin
  - libmachine/drivers/plugin/localbinary
  - libmachine/drivers/rpc
  - libmachine/log
  - libmachine/mcnflag
  - libmachine/mcnutils
  - libmachine/ssh
  - libmachine/state
  - libmachine/version
  - version
- name: github.com/go-openapi/analysis
  version: 5a8fe2138f95138797c306c07e65e759c55f898f
- name: github.com/go-openapi/errors
  version: 8a4ac38004d8cdb96dac7bece88034dd3d94493f
- name: github.com/go-openapi/jsonpointer
  version: f5133566e18f23f2085d953998fd72959b698623
- name: github.com/go-openapi/jsonreference
  version: 44d0c05f81b60f99eeb8c188b8983ec82e5d872f
- name: github.com/go-openapi/loads
  version: 3a4490f96e6ea1ba7d66602e70ffca0fc26aa6ca
- name: github.com/go-openapi/runtime
  version: b12d766cb7ccfdac98c946f9f0ab4afa8c6aeadc
  subpackages:
  - client
- name: github.com/go-openapi/spec
  version: 2029f5179022b7e840b71a663b1fda7fb24e49a0
- name: github.com/go-openapi/strfmt
  version: 66a99d45c3043d45d346b1c8db5dc2f76a004869
- name: github.com/go-openapi/swag
  version: f8ab07bb33bb43a743eb65daf0588ab522e5160f
- name: github.com/go-openapi/validate
  version: 14872542e3bd537d6d6b9976e066ff658d41975f
- name: github.com/opennota/urlesc
  version: 5fa9ff0392746aeae1c4b37fcc42c65afa7a9587
- name: github.com/PuerkitoBio/purell
  version: d69616f51cdfcd7514d6a380847a152dfc2a749d
- name: github.com/Sirupsen/logrus
  version: 3ec0642a7fb6488f65b06f9040adc67e3990296a
- name: golang.org/x/crypto
  version: 9e590154d2353f3f5e1b24da7275686040dcf491
  subpackages:
  - curve25519
  - ed25519
  - ed25519/internal/edwards25519
  - ssh
  - ssh/terminal
- name: golang.org/x/net
  version: 9313baa13d9262e49d07b20ed57dceafcd7240cc
  subpackages:
  - context
  - context/ctxhttp
- name: golang.org/x/sys
  version: 30de6d19a3bd89a5f38ae4028e23aaa5582648af
  subpackages:
  - unix
testImports:
- name: github.com/davecgh/go-spew
  version: 66f99a29a08158b999b0dc2e7ccacf1131d4e0b4
  subpackages:
  - spew
- name: github.com/pmezard/go-difflib
  version: 792786c7400a136282c1664665ae0a8db921c6c2
  subpackages:
  - difflib
- name: github.com/stretchr/testify
  version: d77da356e56a7428ad25149ca77381849a6a5232
  subpackages:
  - assert
